// !$*UTF8*$!
{
	archiveVersion = 1;
	classes = {
	};
	objectVersion = 51;
	objects = {

/* Begin PBXBuildFile section */
		435F42A04543C7ECA29B55D7 /* Pods_LoblawTest.framework in Frameworks */ = {isa = PBXBuildFile; fileRef = 120ED6065E5F71AEA8B1916A /* Pods_LoblawTest.framework */; };
		AAA5F7AF24FFF30E00AD4BEE /* NetworkHelper.swift in Sources */ = {isa = PBXBuildFile; fileRef = AAA5F7AE24FFF30E00AD4BEE /* NetworkHelper.swift */; };
		AAC0B1A024FD769B0047B3BB /* AppDelegate.swift in Sources */ = {isa = PBXBuildFile; fileRef = AAC0B19F24FD769B0047B3BB /* AppDelegate.swift */; };
		AAC0B1A224FD769B0047B3BB /* SceneDelegate.swift in Sources */ = {isa = PBXBuildFile; fileRef = AAC0B1A124FD769B0047B3BB /* SceneDelegate.swift */; };
		AAC0B1A724FD769B0047B3BB /* Main.storyboard in Resources */ = {isa = PBXBuildFile; fileRef = AAC0B1A524FD769B0047B3BB /* Main.storyboard */; };
		AAC0B1A924FD769F0047B3BB /* Assets.xcassets in Resources */ = {isa = PBXBuildFile; fileRef = AAC0B1A824FD769F0047B3BB /* Assets.xcassets */; };
		AAC0B1AC24FD769F0047B3BB /* LaunchScreen.storyboard in Resources */ = {isa = PBXBuildFile; fileRef = AAC0B1AA24FD769F0047B3BB /* LaunchScreen.storyboard */; };
		AAC0B1B724FD769F0047B3BB /* LoblawTestTests.swift in Sources */ = {isa = PBXBuildFile; fileRef = AAC0B1B624FD769F0047B3BB /* LoblawTestTests.swift */; };
		AAC0B1C224FD7FDD0047B3BB /* ArticleListViewController.swift in Sources */ = {isa = PBXBuildFile; fileRef = AAC0B1C124FD7FDD0047B3BB /* ArticleListViewController.swift */; };
		AAC0B1C424FD80870047B3BB /* ArticleCell.swift in Sources */ = {isa = PBXBuildFile; fileRef = AAC0B1C324FD80870047B3BB /* ArticleCell.swift */; };
		AAC0B1CA24FD847B0047B3BB /* ArticleModel.swift in Sources */ = {isa = PBXBuildFile; fileRef = AAC0B1C924FD847B0047B3BB /* ArticleModel.swift */; };
		AAC0B1CC24FDF3020047B3BB /* ArticleDetailsViewController.swift in Sources */ = {isa = PBXBuildFile; fileRef = AAC0B1CB24FDF3020047B3BB /* ArticleDetailsViewController.swift */; };
/* End PBXBuildFile section */

/* Begin PBXContainerItemProxy section */
		AAC0B1B324FD769F0047B3BB /* PBXContainerItemProxy */ = {
			isa = PBXContainerItemProxy;
			containerPortal = AAC0B19424FD769B0047B3BB /* Project object */;
			proxyType = 1;
			remoteGlobalIDString = AAC0B19B24FD769B0047B3BB;
			remoteInfo = LoblawTest;
		};
/* End PBXContainerItemProxy section */

/* Begin PBXFileReference section */
		120ED6065E5F71AEA8B1916A /* Pods_LoblawTest.framework */ = {isa = PBXFileReference; explicitFileType = wrapper.framework; includeInIndex = 0; path = Pods_LoblawTest.framework; sourceTree = BUILT_PRODUCTS_DIR; };
		5A7FED69EFB3343F95670595 /* Pods-LoblawTest.debug.xcconfig */ = {isa = PBXFileReference; includeInIndex = 1; lastKnownFileType = text.xcconfig; name = "Pods-LoblawTest.debug.xcconfig"; path = "Target Support Files/Pods-LoblawTest/Pods-LoblawTest.debug.xcconfig"; sourceTree = "<group>"; };
		81AF4BF897FE4B1313EFF00D /* Pods-LoblawTest.release.xcconfig */ = {isa = PBXFileReference; includeInIndex = 1; lastKnownFileType = text.xcconfig; name = "Pods-LoblawTest.release.xcconfig"; path = "Target Support Files/Pods-LoblawTest/Pods-LoblawTest.release.xcconfig"; sourceTree = "<group>"; };
		AAA5F7AE24FFF30E00AD4BEE /* NetworkHelper.swift */ = {isa = PBXFileReference; lastKnownFileType = sourcecode.swift; path = NetworkHelper.swift; sourceTree = "<group>"; };
		AAC0B19C24FD769B0047B3BB /* LoblawTest.app */ = {isa = PBXFileReference; explicitFileType = wrapper.application; includeInIndex = 0; path = LoblawTest.app; sourceTree = BUILT_PRODUCTS_DIR; };
		AAC0B19F24FD769B0047B3BB /* AppDelegate.swift */ = {isa = PBXFileReference; lastKnownFileType = sourcecode.swift; path = AppDelegate.swift; sourceTree = "<group>"; };
		AAC0B1A124FD769B0047B3BB /* SceneDelegate.swift */ = {isa = PBXFileReference; lastKnownFileType = sourcecode.swift; path = SceneDelegate.swift; sourceTree = "<group>"; };
		AAC0B1A624FD769B0047B3BB /* Base */ = {isa = PBXFileReference; lastKnownFileType = file.storyboard; name = Base; path = Base.lproj/Main.storyboard; sourceTree = "<group>"; };
		AAC0B1A824FD769F0047B3BB /* Assets.xcassets */ = {isa = PBXFileReference; lastKnownFileType = folder.assetcatalog; path = Assets.xcassets; sourceTree = "<group>"; };
		AAC0B1AB24FD769F0047B3BB /* Base */ = {isa = PBXFileReference; lastKnownFileType = file.storyboard; name = Base; path = Base.lproj/LaunchScreen.storyboard; sourceTree = "<group>"; };
		AAC0B1AD24FD769F0047B3BB /* Info.plist */ = {isa = PBXFileReference; lastKnownFileType = text.plist.xml; path = Info.plist; sourceTree = "<group>"; };
		AAC0B1B224FD769F0047B3BB /* LoblawTestTests.xctest */ = {isa = PBXFileReference; explicitFileType = wrapper.cfbundle; includeInIndex = 0; path = LoblawTestTests.xctest; sourceTree = BUILT_PRODUCTS_DIR; };
		AAC0B1B624FD769F0047B3BB /* LoblawTestTests.swift */ = {isa = PBXFileReference; lastKnownFileType = sourcecode.swift; path = LoblawTestTests.swift; sourceTree = "<group>"; };
		AAC0B1B824FD769F0047B3BB /* Info.plist */ = {isa = PBXFileReference; lastKnownFileType = text.plist.xml; path = Info.plist; sourceTree = "<group>"; };
		AAC0B1C124FD7FDD0047B3BB /* ArticleListViewController.swift */ = {isa = PBXFileReference; lastKnownFileType = sourcecode.swift; path = ArticleListViewController.swift; sourceTree = "<group>"; };
		AAC0B1C324FD80870047B3BB /* ArticleCell.swift */ = {isa = PBXFileReference; lastKnownFileType = sourcecode.swift; path = ArticleCell.swift; sourceTree = "<group>"; };
		AAC0B1C924FD847B0047B3BB /* ArticleModel.swift */ = {isa = PBXFileReference; lastKnownFileType = sourcecode.swift; path = ArticleModel.swift; sourceTree = "<group>"; };
		AAC0B1CB24FDF3020047B3BB /* ArticleDetailsViewController.swift */ = {isa = PBXFileReference; lastKnownFileType = sourcecode.swift; path = ArticleDetailsViewController.swift; sourceTree = "<group>"; };
/* End PBXFileReference section */

/* Begin PBXFrameworksBuildPhase section */
		AAC0B19924FD769B0047B3BB /* Frameworks */ = {
			isa = PBXFrameworksBuildPhase;
			buildActionMask = 2147483647;
			files = (
				435F42A04543C7ECA29B55D7 /* Pods_LoblawTest.framework in Frameworks */,
			);
			runOnlyForDeploymentPostprocessing = 0;
		};
		AAC0B1AF24FD769F0047B3BB /* Frameworks */ = {
			isa = PBXFrameworksBuildPhase;
			buildActionMask = 2147483647;
			files = (
			);
			runOnlyForDeploymentPostprocessing = 0;
		};
/* End PBXFrameworksBuildPhase section */

/* Begin PBXGroup section */
		987427804969E0B785CEFCDE /* Frameworks */ = {
			isa = PBXGroup;
			children = (
				120ED6065E5F71AEA8B1916A /* Pods_LoblawTest.framework */,
			);
			name = Frameworks;
			sourceTree = "<group>";
		};
		AAA5F7B0250004E300AD4BEE /* ViewController */ = {
			isa = PBXGroup;
			children = (
				AAA5F7B1250004F100AD4BEE /* ArticleList */,
				AAA5F7B2250004FE00AD4BEE /* ArticleDetails */,
			);
			path = ViewController;
			sourceTree = "<group>";
		};
		AAA5F7B1250004F100AD4BEE /* ArticleList */ = {
			isa = PBXGroup;
			children = (
				AAC0B1C124FD7FDD0047B3BB /* ArticleListViewController.swift */,
				AAA5F7B32500051000AD4BEE /* ArticleCell */,
			);
			path = ArticleList;
			sourceTree = "<group>";
		};
		AAA5F7B2250004FE00AD4BEE /* ArticleDetails */ = {
			isa = PBXGroup;
			children = (
				AAC0B1CB24FDF3020047B3BB /* ArticleDetailsViewController.swift */,
			);
			path = ArticleDetails;
			sourceTree = "<group>";
		};
		AAA5F7B32500051000AD4BEE /* ArticleCell */ = {
			isa = PBXGroup;
			children = (
				AAC0B1C324FD80870047B3BB /* ArticleCell.swift */,
			);
			path = ArticleCell;
			sourceTree = "<group>";
		};
		AAA5F7B42500052500AD4BEE /* StoryBoard */ = {
			isa = PBXGroup;
			children = (
				AAC0B1A524FD769B0047B3BB /* Main.storyboard */,
				AAC0B1AA24FD769F0047B3BB /* LaunchScreen.storyboard */,
			);
			path = StoryBoard;
			sourceTree = "<group>";
		};
		AAC0B19324FD769B0047B3BB = {
			isa = PBXGroup;
			children = (
				AAC0B19E24FD769B0047B3BB /* LoblawTest */,
				AAC0B1B524FD769F0047B3BB /* LoblawTestTests */,
				AAC0B19D24FD769B0047B3BB /* Products */,
				ACEB599F5E6CEB352232586C /* Pods */,
				987427804969E0B785CEFCDE /* Frameworks */,
			);
			sourceTree = "<group>";
		};
		AAC0B19D24FD769B0047B3BB /* Products */ = {
			isa = PBXGroup;
			children = (
				AAC0B19C24FD769B0047B3BB /* LoblawTest.app */,
				AAC0B1B224FD769F0047B3BB /* LoblawTestTests.xctest */,
			);
			name = Products;
			sourceTree = "<group>";
		};
		AAC0B19E24FD769B0047B3BB /* LoblawTest */ = {
			isa = PBXGroup;
			children = (
				AAC0B1C824FD846B0047B3BB /* ModelClass */,
				AAC0B1C524FD837A0047B3BB /* Network */,
				AAC0B19F24FD769B0047B3BB /* AppDelegate.swift */,
				AAC0B1A124FD769B0047B3BB /* SceneDelegate.swift */,
				AAA5F7B0250004E300AD4BEE /* ViewController */,
				AAA5F7B42500052500AD4BEE /* StoryBoard */,
				AAC0B1A824FD769F0047B3BB /* Assets.xcassets */,
				AAC0B1AD24FD769F0047B3BB /* Info.plist */,
			);
			path = LoblawTest;
			sourceTree = "<group>";
		};
		AAC0B1B524FD769F0047B3BB /* LoblawTestTests */ = {
			isa = PBXGroup;
			children = (
				AAC0B1B624FD769F0047B3BB /* LoblawTestTests.swift */,
				AAC0B1B824FD769F0047B3BB /* Info.plist */,
			);
			path = LoblawTestTests;
			sourceTree = "<group>";
		};
		AAC0B1C524FD837A0047B3BB /* Network */ = {
			isa = PBXGroup;
			children = (
				AAA5F7AE24FFF30E00AD4BEE /* NetworkHelper.swift */,
			);
			path = Network;
			sourceTree = "<group>";
		};
		AAC0B1C824FD846B0047B3BB /* ModelClass */ = {
			isa = PBXGroup;
			children = (
				AAC0B1C924FD847B0047B3BB /* ArticleModel.swift */,
			);
			path = ModelClass;
			sourceTree = "<group>";
		};
		ACEB599F5E6CEB352232586C /* Pods */ = {
			isa = PBXGroup;
			children = (
				5A7FED69EFB3343F95670595 /* Pods-LoblawTest.debug.xcconfig */,
				81AF4BF897FE4B1313EFF00D /* Pods-LoblawTest.release.xcconfig */,
			);
			path = Pods;
			sourceTree = "<group>";
		};
/* End PBXGroup section */

/* Begin PBXNativeTarget section */
		AAC0B19B24FD769B0047B3BB /* LoblawTest */ = {
			isa = PBXNativeTarget;
			buildConfigurationList = AAC0B1BB24FD769F0047B3BB /* Build configuration list for PBXNativeTarget "LoblawTest" */;
			buildPhases = (
				3DBC70E397B171298A7C1CA8 /* [CP] Check Pods Manifest.lock */,
				AAC0B19824FD769B0047B3BB /* Sources */,
				AAC0B19924FD769B0047B3BB /* Frameworks */,
				AAC0B19A24FD769B0047B3BB /* Resources */,
				349CE1AB977EB8E193196258 /* [CP] Embed Pods Frameworks */,
			);
			buildRules = (
			);
			dependencies = (
			);
			name = LoblawTest;
			productName = LoblawTest;
			productReference = AAC0B19C24FD769B0047B3BB /* LoblawTest.app */;
			productType = "com.apple.product-type.application";
		};
		AAC0B1B124FD769F0047B3BB /* LoblawTestTests */ = {
			isa = PBXNativeTarget;
			buildConfigurationList = AAC0B1BE24FD769F0047B3BB /* Build configuration list for PBXNativeTarget "LoblawTestTests" */;
			buildPhases = (
				AAC0B1AE24FD769F0047B3BB /* Sources */,
				AAC0B1AF24FD769F0047B3BB /* Frameworks */,
				AAC0B1B024FD769F0047B3BB /* Resources */,
			);
			buildRules = (
			);
			dependencies = (
				AAC0B1B424FD769F0047B3BB /* PBXTargetDependency */,
			);
			name = LoblawTestTests;
			productName = LoblawTestTests;
			productReference = AAC0B1B224FD769F0047B3BB /* LoblawTestTests.xctest */;
			productType = "com.apple.product-type.bundle.unit-test";
		};
/* End PBXNativeTarget section */

/* Begin PBXProject section */
		AAC0B19424FD769B0047B3BB /* Project object */ = {
			isa = PBXProject;
			attributes = {
				LastSwiftUpdateCheck = 1160;
				LastUpgradeCheck = 1160;
				ORGANIZATIONNAME = "Kalpesh Thakare";
				TargetAttributes = {
					AAC0B19B24FD769B0047B3BB = {
						CreatedOnToolsVersion = 11.6;
					};
					AAC0B1B124FD769F0047B3BB = {
						CreatedOnToolsVersion = 11.6;
						TestTargetID = AAC0B19B24FD769B0047B3BB;
					};
				};
			};
			buildConfigurationList = AAC0B19724FD769B0047B3BB /* Build configuration list for PBXProject "LoblawTest" */;
			compatibilityVersion = "Xcode 9.3";
			developmentRegion = en;
			hasScannedForEncodings = 0;
			knownRegions = (
				en,
				Base,
			);
			mainGroup = AAC0B19324FD769B0047B3BB;
			productRefGroup = AAC0B19D24FD769B0047B3BB /* Products */;
			projectDirPath = "";
			projectRoot = "";
			targets = (
				AAC0B19B24FD769B0047B3BB /* LoblawTest */,
				AAC0B1B124FD769F0047B3BB /* LoblawTestTests */,
			);
		};
/* End PBXProject section */

/* Begin PBXResourcesBuildPhase section */
		AAC0B19A24FD769B0047B3BB /* Resources */ = {
			isa = PBXResourcesBuildPhase;
			buildActionMask = 2147483647;
			files = (
				AAC0B1AC24FD769F0047B3BB /* LaunchScreen.storyboard in Resources */,
				AAC0B1A924FD769F0047B3BB /* Assets.xcassets in Resources */,
				AAC0B1A724FD769B0047B3BB /* Main.storyboard in Resources */,
			);
			runOnlyForDeploymentPostprocessing = 0;
		};
		AAC0B1B024FD769F0047B3BB /* Resources */ = {
			isa = PBXResourcesBuildPhase;
			buildActionMask = 2147483647;
			files = (
			);
			runOnlyForDeploymentPostprocessing = 0;
		};
/* End PBXResourcesBuildPhase section */

/* Begin PBXShellScriptBuildPhase section */
		349CE1AB977EB8E193196258 /* [CP] Embed Pods Frameworks */ = {
			isa = PBXShellScriptBuildPhase;
			buildActionMask = 2147483647;
			files = (
			);
			inputFileListPaths = (
				"${PODS_ROOT}/Target Support Files/Pods-LoblawTest/Pods-LoblawTest-frameworks-${CONFIGURATION}-input-files.xcfilelist",
			);
			name = "[CP] Embed Pods Frameworks";
			outputFileListPaths = (
				"${PODS_ROOT}/Target Support Files/Pods-LoblawTest/Pods-LoblawTest-frameworks-${CONFIGURATION}-output-files.xcfilelist",
			);
			runOnlyForDeploymentPostprocessing = 0;
			shellPath = /bin/sh;
			shellScript = "\"${PODS_ROOT}/Target Support Files/Pods-LoblawTest/Pods-LoblawTest-frameworks.sh\"\n";
			showEnvVarsInLog = 0;
		};
		3DBC70E397B171298A7C1CA8 /* [CP] Check Pods Manifest.lock */ = {
			isa = PBXShellScriptBuildPhase;
			buildActionMask = 2147483647;
			files = (
			);
			inputFileListPaths = (
			);
			inputPaths = (
				"${PODS_PODFILE_DIR_PATH}/Podfile.lock",
				"${PODS_ROOT}/Manifest.lock",
			);
			name = "[CP] Check Pods Manifest.lock";
			outputFileListPaths = (
			);
			outputPaths = (
				"$(DERIVED_FILE_DIR)/Pods-LoblawTest-checkManifestLockResult.txt",
			);
			runOnlyForDeploymentPostprocessing = 0;
			shellPath = /bin/sh;
			shellScript = "diff \"${PODS_PODFILE_DIR_PATH}/Podfile.lock\" \"${PODS_ROOT}/Manifest.lock\" > /dev/null\nif [ $? != 0 ] ; then\n    # print error to STDERR\n    echo \"error: The sandbox is not in sync with the Podfile.lock. Run 'pod install' or update your CocoaPods installation.\" >&2\n    exit 1\nfi\n# This output is used by Xcode 'outputs' to avoid re-running this script phase.\necho \"SUCCESS\" > \"${SCRIPT_OUTPUT_FILE_0}\"\n";
			showEnvVarsInLog = 0;
		};
/* End PBXShellScriptBuildPhase section */

/* Begin PBXSourcesBuildPhase section */
		AAC0B19824FD769B0047B3BB /* Sources */ = {
			isa = PBXSourcesBuildPhase;
			buildActionMask = 2147483647;
			files = (
				AAA5F7AF24FFF30E00AD4BEE /* NetworkHelper.swift in Sources */,
				AAC0B1C424FD80870047B3BB /* ArticleCell.swift in Sources */,
				AAC0B1C224FD7FDD0047B3BB /* ArticleListViewController.swift in Sources */,
				AAC0B1CC24FDF3020047B3BB /* ArticleDetailsViewController.swift in Sources */,
				AAC0B1A024FD769B0047B3BB /* AppDelegate.swift in Sources */,
				AAC0B1CA24FD847B0047B3BB /* ArticleModel.swift in Sources */,
				AAC0B1A224FD769B0047B3BB /* SceneDelegate.swift in Sources */,
			);
			runOnlyForDeploymentPostprocessing = 0;
		};
		AAC0B1AE24FD769F0047B3BB /* Sources */ = {
			isa = PBXSourcesBuildPhase;
			buildActionMask = 2147483647;
			files = (
				AAC0B1B724FD769F0047B3BB /* LoblawTestTests.swift in Sources */,
			);
			runOnlyForDeploymentPostprocessing = 0;
		};
/* End PBXSourcesBuildPhase section */

/* Begin PBXTargetDependency section */
		AAC0B1B424FD769F0047B3BB /* PBXTargetDependency */ = {
			isa = PBXTargetDependency;
			target = AAC0B19B24FD769B0047B3BB /* LoblawTest */;
			targetProxy = AAC0B1B324FD769F0047B3BB /* PBXContainerItemProxy */;
		};
/* End PBXTargetDependency section */

/* Begin PBXVariantGroup section */
		AAC0B1A524FD769B0047B3BB /* Main.storyboard */ = {
			isa = PBXVariantGroup;
			children = (
				AAC0B1A624FD769B0047B3BB /* Base */,
			);
			name = Main.storyboard;
			sourceTree = "<group>";
		};
		AAC0B1AA24FD769F0047B3BB /* LaunchScreen.storyboard */ = {
			isa = PBXVariantGroup;
			children = (
				AAC0B1AB24FD769F0047B3BB /* Base */,
			);
			name = LaunchScreen.storyboard;
			sourceTree = "<group>";
		};
/* End PBXVariantGroup section */

/* Begin XCBuildConfiguration section */
		AAC0B1B924FD769F0047B3BB /* Debug */ = {
			isa = XCBuildConfiguration;
			buildSettings = {
				ALWAYS_SEARCH_USER_PATHS = NO;
				CLANG_ANALYZER_NONNULL = YES;
				CLANG_ANALYZER_NUMBER_OBJECT_CONVERSION = YES_AGGRESSIVE;
				CLANG_CXX_LANGUAGE_STANDARD = "gnu++14";
				CLANG_CXX_LIBRARY = "libc++";
				CLANG_ENABLE_MODULES = YES;
				CLANG_ENABLE_OBJC_ARC = YES;
				CLANG_ENABLE_OBJC_WEAK = YES;
				CLANG_WARN_BLOCK_CAPTURE_AUTORELEASING = YES;
				CLANG_WARN_BOOL_CONVERSION = YES;
				CLANG_WARN_COMMA = YES;
				CLANG_WARN_CONSTANT_CONVERSION = YES;
				CLANG_WARN_DEPRECATED_OBJC_IMPLEMENTATIONS = YES;
				CLANG_WARN_DIRECT_OBJC_ISA_USAGE = YES_ERROR;
				CLANG_WARN_DOCUMENTATION_COMMENTS = YES;
				CLANG_WARN_EMPTY_BODY = YES;
				CLANG_WARN_ENUM_CONVERSION = YES;
				CLANG_WARN_INFINITE_RECURSION = YES;
				CLANG_WARN_INT_CONVERSION = YES;
				CLANG_WARN_NON_LITERAL_NULL_CONVERSION = YES;
				CLANG_WARN_OBJC_IMPLICIT_RETAIN_SELF = YES;
				CLANG_WARN_OBJC_LITERAL_CONVERSION = YES;
				CLANG_WARN_OBJC_ROOT_CLASS = YES_ERROR;
				CLANG_WARN_RANGE_LOOP_ANALYSIS = YES;
				CLANG_WARN_STRICT_PROTOTYPES = YES;
				CLANG_WARN_SUSPICIOUS_MOVE = YES;
				CLANG_WARN_UNGUARDED_AVAILABILITY = YES_AGGRESSIVE;
				CLANG_WARN_UNREACHABLE_CODE = YES;
				CLANG_WARN__DUPLICATE_METHOD_MATCH = YES;
				COPY_PHASE_STRIP = NO;
				DEBUG_INFORMATION_FORMAT = dwarf;
				ENABLE_STRICT_OBJC_MSGSEND = YES;
				ENABLE_TESTABILITY = YES;
				GCC_C_LANGUAGE_STANDARD = gnu11;
				GCC_DYNAMIC_NO_PIC = NO;
				GCC_NO_COMMON_BLOCKS = YES;
				GCC_OPTIMIZATION_LEVEL = 0;
				GCC_PREPROCESSOR_DEFINITIONS = (
					"DEBUG=1",
					"$(inherited)",
				);
				GCC_WARN_64_TO_32_BIT_CONVERSION = YES;
				GCC_WARN_ABOUT_RETURN_TYPE = YES_ERROR;
				GCC_WARN_UNDECLARED_SELECTOR = YES;
				GCC_WARN_UNINITIALIZED_AUTOS = YES_AGGRESSIVE;
				GCC_WARN_UNUSED_FUNCTION = YES;
				GCC_WARN_UNUSED_VARIABLE = YES;
				IPHONEOS_DEPLOYMENT_TARGET = 12.0;
				MTL_ENABLE_DEBUG_INFO = INCLUDE_SOURCE;
				MTL_FAST_MATH = YES;
				ONLY_ACTIVE_ARCH = YES;
				SDKROOT = iphoneos;
				SWIFT_ACTIVE_COMPILATION_CONDITIONS = DEBUG;
				SWIFT_OPTIMIZATION_LEVEL = "-Onone";
			};
			name = Debug;
		};
		AAC0B1BA24FD769F0047B3BB /* Release */ = {
			isa = XCBuildConfiguration;
			buildSettings = {
				ALWAYS_SEARCH_USER_PATHS = NO;
				CLANG_ANALYZER_NONNULL = YES;
				CLANG_ANALYZER_NUMBER_OBJECT_CONVERSION = YES_AGGRESSIVE;
				CLANG_CXX_LANGUAGE_STANDARD = "gnu++14";
				CLANG_CXX_LIBRARY = "libc++";
				CLANG_ENABLE_MODULES = YES;
				CLANG_ENABLE_OBJC_ARC = YES;
				CLANG_ENABLE_OBJC_WEAK = YES;
				CLANG_WARN_BLOCK_CAPTURE_AUTORELEASING = YES;
				CLANG_WARN_BOOL_CONVERSION = YES;
				CLANG_WARN_COMMA = YES;
				CLANG_WARN_CONSTANT_CONVERSION = YES;
				CLANG_WARN_DEPRECATED_OBJC_IMPLEMENTATIONS = YES;
				CLANG_WARN_DIRECT_OBJC_ISA_USAGE = YES_ERROR;
				CLANG_WARN_DOCUMENTATION_COMMENTS = YES;
				CLANG_WARN_EMPTY_BODY = YES;
				CLANG_WARN_ENUM_CONVERSION = YES;
				CLANG_WARN_INFINITE_RECURSION = YES;
				CLANG_WARN_INT_CONVERSION = YES;
				CLANG_WARN_NON_LITERAL_NULL_CONVERSION = YES;
				CLANG_WARN_OBJC_IMPLICIT_RETAIN_SELF = YES;
				CLANG_WARN_OBJC_LITERAL_CONVERSION = YES;
				CLANG_WARN_OBJC_ROOT_CLASS = YES_ERROR;
				CLANG_WARN_RANGE_LOOP_ANALYSIS = YES;
				CLANG_WARN_STRICT_PROTOTYPES = YES;
				CLANG_WARN_SUSPICIOUS_MOVE = YES;
				CLANG_WARN_UNGUARDED_AVAILABILITY = YES_AGGRESSIVE;
				CLANG_WARN_UNREACHABLE_CODE = YES;
				CLANG_WARN__DUPLICATE_METHOD_MATCH = YES;
				COPY_PHASE_STRIP = NO;
				DEBUG_INFORMATION_FORMAT = "dwarf-with-dsym";
				ENABLE_NS_ASSERTIONS = NO;
				ENABLE_STRICT_OBJC_MSGSEND = YES;
				GCC_C_LANGUAGE_STANDARD = gnu11;
				GCC_NO_COMMON_BLOCKS = YES;
				GCC_WARN_64_TO_32_BIT_CONVERSION = YES;
				GCC_WARN_ABOUT_RETURN_TYPE = YES_ERROR;
				GCC_WARN_UNDECLARED_SELECTOR = YES;
				GCC_WARN_UNINITIALIZED_AUTOS = YES_AGGRESSIVE;
				GCC_WARN_UNUSED_FUNCTION = YES;
				GCC_WARN_UNUSED_VARIABLE = YES;
				IPHONEOS_DEPLOYMENT_TARGET = 12.0;
				MTL_ENABLE_DEBUG_INFO = NO;
				MTL_FAST_MATH = YES;
				SDKROOT = iphoneos;
				SWIFT_COMPILATION_MODE = wholemodule;
				SWIFT_OPTIMIZATION_LEVEL = "-O";
				VALIDATE_PRODUCT = YES;
			};
			name = Release;
		};
		AAC0B1BC24FD769F0047B3BB /* Debug */ = {
			isa = XCBuildConfiguration;
			baseConfigurationReference = 5A7FED69EFB3343F95670595 /* Pods-LoblawTest.debug.xcconfig */;
			buildSettings = {
				ASSETCATALOG_COMPILER_APPICON_NAME = AppIcon;
				CODE_SIGN_STYLE = Automatic;
				DEVELOPMENT_TEAM = AHGRB5UNH8;
				INFOPLIST_FILE = LoblawTest/Info.plist;
				LD_RUNPATH_SEARCH_PATHS = (
					"$(inherited)",
					"@executable_path/Frameworks",
				);
				PRODUCT_BUNDLE_IDENTIFIER = com.KalpeshThakare.LoblawTest;
				PRODUCT_NAME = "$(TARGET_NAME)";
				SWIFT_VERSION = 5.0;
				TARGETED_DEVICE_FAMILY = 1;
			};
			name = Debug;
		};
		AAC0B1BD24FD769F0047B3BB /* Release */ = {
			isa = XCBuildConfiguration;
			baseConfigurationReference = 81AF4BF897FE4B1313EFF00D /* Pods-LoblawTest.release.xcconfig */;
			buildSettings = {
				ASSETCATALOG_COMPILER_APPICON_NAME = AppIcon;
				CODE_SIGN_STYLE = Automatic;
				DEVELOPMENT_TEAM = AHGRB5UNH8;
				INFOPLIST_FILE = LoblawTest/Info.plist;
				LD_RUNPATH_SEARCH_PATHS = (
					"$(inherited)",
					"@executable_path/Frameworks",
				);
				PRODUCT_BUNDLE_IDENTIFIER = com.KalpeshThakare.LoblawTest;
				PRODUCT_NAME = "$(TARGET_NAME)";
				SWIFT_VERSION = 5.0;
				TARGETED_DEVICE_FAMILY = 1;
			};
			name = Release;
		};
		AAC0B1BF24FD769F0047B3BB /* Debug */ = {
			isa = XCBuildConfiguration;
			buildSettings = {
				ALWAYS_EMBED_SWIFT_STANDARD_LIBRARIES = YES;
				BUNDLE_LOADER = "$(TEST_HOST)";
				CODE_SIGN_STYLE = Automatic;
				DEVELOPMENT_TEAM = AHGRB5UNH8;
				INFOPLIST_FILE = LoblawTestTests/Info.plist;
				IPHONEOS_DEPLOYMENT_TARGET = 13.6;
				LD_RUNPATH_SEARCH_PATHS = (
					"$(inherited)",
					"@executable_path/Frameworks",
					"@loader_path/Frameworks",
				);
				PRODUCT_BUNDLE_IDENTIFIER = com.KalpeshThakare.LoblawTestTests;
				PRODUCT_NAME = "$(TARGET_NAME)";
				SWIFT_VERSION = 5.0;
				TARGETED_DEVICE_FAMILY = "1,2";
				TEST_HOST = "$(BUILT_PRODUCTS_DIR)/LoblawTest.app/LoblawTest";
			};
			name = Debug;
		};
		AAC0B1C024FD769F0047B3BB /* Release */ = {
			isa = XCBuildConfiguration;
			buildSettings = {
				ALWAYS_EMBED_SWIFT_STANDARD_LIBRARIES = YES;
				BUNDLE_LOADER = "$(TEST_HOST)";
				CODE_SIGN_STYLE = Automatic;
				DEVELOPMENT_TEAM = AHGRB5UNH8;
				INFOPLIST_FILE = LoblawTestTests/Info.plist;
				IPHONEOS_DEPLOYMENT_TARGET = 13.6;
				LD_RUNPATH_SEARCH_PATHS = (
					"$(inherited)",
					"@executable_path/Frameworks",
					"@loader_path/Frameworks",
				);
				PRODUCT_BUNDLE_IDENTIFIER = com.KalpeshThakare.LoblawTestTests;
				PRODUCT_NAME = "$(TARGET_NAME)";
				SWIFT_VERSION = 5.0;
				TARGETED_DEVICE_FAMILY = "1,2";
				TEST_HOST = "$(BUILT_PRODUCTS_DIR)/LoblawTest.app/LoblawTest";
			};
			name = Release;
		};
/* End XCBuildConfiguration section */

/* Begin XCConfigurationList section */
		AAC0B19724FD769B0047B3BB /* Build configuration list for PBXProject "LoblawTest" */ = {
			isa = XCConfigurationList;
			buildConfigurations = (
				AAC0B1B924FD769F0047B3BB /* Debug */,
				AAC0B1BA24FD769F0047B3BB /* Release */,
			);
			defaultConfigurationIsVisible = 0;
			defaultConfigurationName = Release;
		};
		AAC0B1BB24FD769F0047B3BB /* Build configuration list for PBXNativeTarget "LoblawTest" */ = {
			isa = XCConfigurationList;
			buildConfigurations = (
				AAC0B1BC24FD769F0047B3BB /* Debug */,
				AAC0B1BD24FD769F0047B3BB /* Release */,
			);
			defaultConfigurationIsVisible = 0;
			defaultConfigurationName = Release;
		};
		AAC0B1BE24FD769F0047B3BB /* Build configuration list for PBXNativeTarget "LoblawTestTests" */ = {
			isa = XCConfigurationList;
			buildConfigurations = (
				AAC0B1BF24FD769F0047B3BB /* Debug */,
				AAC0B1C024FD769F0047B3BB /* Release */,
			);
			defaultConfigurationIsVisible = 0;
			defaultConfigurationName = Release;
		};
/* End XCConfigurationList section */
	};
	rootObject = AAC0B19424FD769B0047B3BB /* Project object */;
}
